
Microsoft Visual Studio Solution File, Format Version 12.00
# Visual Studio Version 17
VisualStudioVersion = 17.9.34622.214
MinimumVisualStudioVersion = 10.0.40219.1
Project("{8BC9CEB8-8B4A-11D0-8D11-00A0C91BC942}") = "S 1", "S 1\S 1.vcxproj", "{A87A9909-BB71-4482-AA85-167F2CE87321}"
EndProject
Global
	GlobalSection(SolutionConfigurationPlatforms) = preSolution
		Debug|x64 = Debug|x64
		Debug|x86 = Debug|x86
		Release|x64 = Release|x64
		Release|x86 = Release|x86
	EndGlobalSection
	GlobalSection(ProjectConfigurationPlatforms) = postSolution
		{A87A9909-BB71-4482-AA85-167F2CE87321}.Debug|x64.ActiveCfg = Debug|x64
		{A87A9909-BB71-4482-AA85-167F2CE87321}.Debug|x64.Build.0 = Debug|x64
		{A87A9909-BB71-4482-AA85-167F2CE87321}.Debug|x86.ActiveCfg = Debug|Win32
		{A87A9909-BB71-4482-AA85-167F2CE87321}.Debug|x86.Build.0 = Debug|Win32
		{A87A9909-BB71-4482-AA85-167F2CE87321}.Release|x64.ActiveCfg = Release|x64
		{A87A9909-BB71-4482-AA85-167F2CE87321}.Release|x64.Build.0 = Release|x64
		{A87A9909-BB71-4482-AA85-167F2CE87321}.Release|x86.ActiveCfg = Release|Win32
		{A87A9909-BB71-4482-AA85-167F2CE87321}.Release|x86.Build.0 = Release|Win32
	EndGlobalSection
	GlobalSection(SolutionProperties) = preSolution
		HideSolutionNode = FALSE
	EndGlobalSection
	GlobalSection(ExtensibilityGlobals) = postSolution
		SolutionGuid = {43818F87-EAE4-45F3-B200-1D8F34FA9839}
	EndGlobalSection
EndGlobal
